
Microsoft Visual Studio Solution File, Format Version 12.00
# Visual Studio Version 16
VisualStudioVersion = 16.0.32106.194
MinimumVisualStudioVersion = 10.0.40219.1
Project("{8BC9CEB8-8B4A-11D0-8D11-00A0C91BC942}") = "Vote24KioskApp", "threadandmsg.vcxproj", "{D1195C64-2D66-485F-853C-333AA4723807}"
EndProject
Project("{54435603-DBB4-11D2-8724-00A0C9A8B90C}") = "SetupVote24KioskApp", "..\SetupVote24KioskApp\SetupVote24KioskApp.vdproj", "{CA84FD16-EC76-48BA-94A6-4C1A493204E5}"
EndProject
Global
	GlobalSection(SolutionConfigurationPlatforms) = preSolution
		Debug|x64 = Debug|x64
		Debug|x86 = Debug|x86
		Release|x64 = Release|x64
		Release|x86 = Release|x86
	EndGlobalSection
	GlobalSection(ProjectConfigurationPlatforms) = postSolution
		{D1195C64-2D66-485F-853C-333AA4723807}.Debug|x64.ActiveCfg = Debug|x64
		{D1195C64-2D66-485F-853C-333AA4723807}.Debug|x64.Build.0 = Debug|x64
		{D1195C64-2D66-485F-853C-333AA4723807}.Debug|x86.ActiveCfg = Release|Win32
		{D1195C64-2D66-485F-853C-333AA4723807}.Debug|x86.Build.0 = Release|Win32
		{D1195C64-2D66-485F-853C-333AA4723807}.Release|x64.ActiveCfg = Release|x64
		{D1195C64-2D66-485F-853C-333AA4723807}.Release|x64.Build.0 = Release|x64
		{D1195C64-2D66-485F-853C-333AA4723807}.Release|x86.ActiveCfg = Release|Win32
		{D1195C64-2D66-485F-853C-333AA4723807}.Release|x86.Build.0 = Release|Win32
		{CA84FD16-EC76-48BA-94A6-4C1A493204E5}.Debug|x64.ActiveCfg = Debug
		{CA84FD16-EC76-48BA-94A6-4C1A493204E5}.Debug|x86.ActiveCfg = Debug
		{CA84FD16-EC76-48BA-94A6-4C1A493204E5}.Release|x64.ActiveCfg = Release
		{CA84FD16-EC76-48BA-94A6-4C1A493204E5}.Release|x86.ActiveCfg = Release
	EndGlobalSection
	GlobalSection(SolutionProperties) = preSolution
		HideSolutionNode = FALSE
	EndGlobalSection
	GlobalSection(ExtensibilityGlobals) = postSolution
		SolutionGuid = {FE6ED2AA-347D-4DD2-B4B3-DEFC7112560C}
	EndGlobalSection
EndGlobal
